
Microsoft Visual Studio Solution File, Format Version 12.00
# Visual Studio Version 17
VisualStudioVersion = 17.2.32630.192
MinimumVisualStudioVersion = 10.0.40219.1
Project("{FAE04EC0-301F-11D3-BF4B-00C04F79EFBC}") = "CGlab1", "CGlab1\CGlab1.csproj", "{AC148C8C-CB28-4228-B2CF-448197FCE351}"
EndProject
Global
	GlobalSection(SolutionConfigurationPlatforms) = preSolution
		Debug|Any CPU = Debug|Any CPU
		Release|Any CPU = Release|Any CPU
	EndGlobalSection
	GlobalSection(ProjectConfigurationPlatforms) = postSolution
		{AC148C8C-CB28-4228-B2CF-448197FCE351}.Debug|Any CPU.ActiveCfg = Debug|Any CPU
		{AC148C8C-CB28-4228-B2CF-448197FCE351}.Debug|Any CPU.Build.0 = Debug|Any CPU
		{AC148C8C-CB28-4228-B2CF-448197FCE351}.Release|Any CPU.ActiveCfg = Release|Any CPU
		{AC148C8C-CB28-4228-B2CF-448197FCE351}.Release|Any CPU.Build.0 = Release|Any CPU
	EndGlobalSection
	GlobalSection(SolutionProperties) = preSolution
		HideSolutionNode = FALSE
	EndGlobalSection
	GlobalSection(ExtensibilityGlobals) = postSolution
		SolutionGuid = {47AC65BA-5DAB-4EEB-A4E6-BE716EC07CB9}
	EndGlobalSection
EndGlobal
